
Microsoft Visual Studio Solution File, Format Version 12.00
# Visual Studio Version 17
VisualStudioVersion = 17.12.35527.113 d17.12
MinimumVisualStudioVersion = 10.0.40219.1
Project("{803FD0C6-D64E-4E16-9DC3-1DAEC859A3D2}") = "esp32s3_mqtt_ddsu666", "esp32s3_mqtt_ddsu666.vgdbproj", "{2D9C8372-2BFD-4A01-A2B1-AB2377F1189F}"
EndProject
Global
	GlobalSection(SolutionConfigurationPlatforms) = preSolution
		Debug|VisualGDB = Debug|VisualGDB
		Release|VisualGDB = Release|VisualGDB
		Tests (Debug)|VisualGDB = Tests (Debug)|VisualGDB
		Tests (Release)|VisualGDB = Tests (Release)|VisualGDB
	EndGlobalSection
	GlobalSection(ProjectConfigurationPlatforms) = postSolution
		{2D9C8372-2BFD-4A01-A2B1-AB2377F1189F}.Debug|VisualGDB.ActiveCfg = Debug|VisualGDB
		{2D9C8372-2BFD-4A01-A2B1-AB2377F1189F}.Debug|VisualGDB.Build.0 = Debug|VisualGDB
		{2D9C8372-2BFD-4A01-A2B1-AB2377F1189F}.Release|VisualGDB.ActiveCfg = Release|VisualGDB
		{2D9C8372-2BFD-4A01-A2B1-AB2377F1189F}.Release|VisualGDB.Build.0 = Release|VisualGDB
		{2D9C8372-2BFD-4A01-A2B1-AB2377F1189F}.Tests (Debug)|VisualGDB.ActiveCfg = Tests (Debug)|VisualGDB
		{2D9C8372-2BFD-4A01-A2B1-AB2377F1189F}.Tests (Debug)|VisualGDB.Build.0 = Tests (Debug)|VisualGDB
		{2D9C8372-2BFD-4A01-A2B1-AB2377F1189F}.Tests (Release)|VisualGDB.ActiveCfg = Tests (Release)|VisualGDB
		{2D9C8372-2BFD-4A01-A2B1-AB2377F1189F}.Tests (Release)|VisualGDB.Build.0 = Tests (Release)|VisualGDB
	EndGlobalSection
	GlobalSection(SolutionProperties) = preSolution
		HideSolutionNode = FALSE
	EndGlobalSection
EndGlobal
